// !$*UTF8*$!
{
	archiveVersion = 1;
	classes = {
	};
	objectVersion = 50;
	objects = {

/* Begin PBXBuildFile section */
		301546802443959C00DC67A0 /* AppDelegate.swift in Sources */ = {isa = PBXBuildFile; fileRef = 3015467F2443959C00DC67A0 /* AppDelegate.swift */; };
		301546822443959C00DC67A0 /* SceneDelegate.swift in Sources */ = {isa = PBXBuildFile; fileRef = 301546812443959C00DC67A0 /* SceneDelegate.swift */; };
		301546842443959C00DC67A0 /* ViewController.swift in Sources */ = {isa = PBXBuildFile; fileRef = 301546832443959C00DC67A0 /* ViewController.swift */; };
		301546872443959D00DC67A0 /* Main.storyboard in Resources */ = {isa = PBXBuildFile; fileRef = 301546852443959D00DC67A0 /* Main.storyboard */; };
		301546892443959E00DC67A0 /* Assets.xcassets in Resources */ = {isa = PBXBuildFile; fileRef = 301546882443959E00DC67A0 /* Assets.xcassets */; };
		3015468C2443959E00DC67A0 /* LaunchScreen.storyboard in Resources */ = {isa = PBXBuildFile; fileRef = 3015468A2443959E00DC67A0 /* LaunchScreen.storyboard */; };
		301546972443959E00DC67A0 /* MultipleExTests.swift in Sources */ = {isa = PBXBuildFile; fileRef = 301546962443959E00DC67A0 /* MultipleExTests.swift */; };
		301546A22443959E00DC67A0 /* MultipleExUITests.swift in Sources */ = {isa = PBXBuildFile; fileRef = 301546A12443959E00DC67A0 /* MultipleExUITests.swift */; };
		301546B2244399C200DC67A0 /* SliderViewController.swift in Sources */ = {isa = PBXBuildFile; fileRef = 301546B1244399C200DC67A0 /* SliderViewController.swift */; };
		301546B4244399DF00DC67A0 /* PickerViewController.swift in Sources */ = {isa = PBXBuildFile; fileRef = 301546B3244399DF00DC67A0 /* PickerViewController.swift */; };
		301546B62443B9A600DC67A0 /* SwitchViewController.swift in Sources */ = {isa = PBXBuildFile; fileRef = 301546B52443B9A600DC67A0 /* SwitchViewController.swift */; };
		301546B82443B9C400DC67A0 /* SliderViewController.swift in Sources */ = {isa = PBXBuildFile; fileRef = 301546B72443B9C400DC67A0 /* SliderViewController.swift */; };
		301546BA2443B9DD00DC67A0 /* PickerViewController.swift in Sources */ = {isa = PBXBuildFile; fileRef = 301546B92443B9DD00DC67A0 /* PickerViewController.swift */; };
/* End PBXBuildFile section */

/* Begin PBXContainerItemProxy section */
		301546932443959E00DC67A0 /* PBXContainerItemProxy */ = {
			isa = PBXContainerItemProxy;
			containerPortal = 301546742443959C00DC67A0 /* Project object */;
			proxyType = 1;
			remoteGlobalIDString = 3015467B2443959C00DC67A0;
			remoteInfo = MultipleEx;
		};
		3015469E2443959E00DC67A0 /* PBXContainerItemProxy */ = {
			isa = PBXContainerItemProxy;
			containerPortal = 301546742443959C00DC67A0 /* Project object */;
			proxyType = 1;
			remoteGlobalIDString = 3015467B2443959C00DC67A0;
			remoteInfo = MultipleEx;
		};
/* End PBXContainerItemProxy section */

/* Begin PBXFileReference section */
		3015467C2443959C00DC67A0 /* MultipleEx.app */ = {isa = PBXFileReference; explicitFileType = wrapper.application; includeInIndex = 0; path = MultipleEx.app; sourceTree = BUILT_PRODUCTS_DIR; };
		3015467F2443959C00DC67A0 /* AppDelegate.swift */ = {isa = PBXFileReference; lastKnownFileType = sourcecode.swift; path = AppDelegate.swift; sourceTree = "<group>"; };
		301546812443959C00DC67A0 /* SceneDelegate.swift */ = {isa = PBXFileReference; lastKnownFileType = sourcecode.swift; path = SceneDelegate.swift; sourceTree = "<group>"; };
		301546832443959C00DC67A0 /* ViewController.swift */ = {isa = PBXFileReference; lastKnownFileType = sourcecode.swift; path = ViewController.swift; sourceTree = "<group>"; };
		301546862443959D00DC67A0 /* Base */ = {isa = PBXFileReference; lastKnownFileType = file.storyboard; name = Base; path = Base.lproj/Main.storyboard; sourceTree = "<group>"; };
		301546882443959E00DC67A0 /* Assets.xcassets */ = {isa = PBXFileReference; lastKnownFileType = folder.assetcatalog; path = Assets.xcassets; sourceTree = "<group>"; };
		3015468B2443959E00DC67A0 /* Base */ = {isa = PBXFileReference; lastKnownFileType = file.storyboard; name = Base; path = Base.lproj/LaunchScreen.storyboard; sourceTree = "<group>"; };
		3015468D2443959E00DC67A0 /* Info.plist */ = {isa = PBXFileReference; lastKnownFileType = text.plist.xml; path = Info.plist; sourceTree = "<group>"; };
		301546922443959E00DC67A0 /* MultipleExTests.xctest */ = {isa = PBXFileReference; explicitFileType = wrapper.cfbundle; includeInIndex = 0; path = MultipleExTests.xctest; sourceTree = BUILT_PRODUCTS_DIR; };
		301546962443959E00DC67A0 /* MultipleExTests.swift */ = {isa = PBXFileReference; lastKnownFileType = sourcecode.swift; path = MultipleExTests.swift; sourceTree = "<group>"; };
		301546982443959E00DC67A0 /* Info.plist */ = {isa = PBXFileReference; lastKnownFileType = text.plist.xml; path = Info.plist; sourceTree = "<group>"; };
		3015469D2443959E00DC67A0 /* MultipleExUITests.xctest */ = {isa = PBXFileReference; explicitFileType = wrapper.cfbundle; includeInIndex = 0; path = MultipleExUITests.xctest; sourceTree = BUILT_PRODUCTS_DIR; };
		301546A12443959E00DC67A0 /* MultipleExUITests.swift */ = {isa = PBXFileReference; lastKnownFileType = sourcecode.swift; path = MultipleExUITests.swift; sourceTree = "<group>"; };
		301546A32443959E00DC67A0 /* Info.plist */ = {isa = PBXFileReference; lastKnownFileType = text.plist.xml; path = Info.plist; sourceTree = "<group>"; };
		301546B1244399C200DC67A0 /* SliderViewController.swift */ = {isa = PBXFileReference; lastKnownFileType = sourcecode.swift; path = SliderViewController.swift; sourceTree = "<group>"; };
		301546B3244399DF00DC67A0 /* PickerViewController.swift */ = {isa = PBXFileReference; lastKnownFileType = sourcecode.swift; path = PickerViewController.swift; sourceTree = "<group>"; };
		301546B52443B9A600DC67A0 /* SwitchViewController.swift */ = {isa = PBXFileReference; lastKnownFileType = sourcecode.swift; path = SwitchViewController.swift; sourceTree = "<group>"; };
		301546B72443B9C400DC67A0 /* SliderViewController.swift */ = {isa = PBXFileReference; lastKnownFileType = sourcecode.swift; path = SliderViewController.swift; sourceTree = "<group>"; };
		301546B92443B9DD00DC67A0 /* PickerViewController.swift */ = {isa = PBXFileReference; lastKnownFileType = sourcecode.swift; path = PickerViewController.swift; sourceTree = "<group>"; };
/* End PBXFileReference section */

/* Begin PBXFrameworksBuildPhase section */
		301546792443959C00DC67A0 /* Frameworks */ = {
			isa = PBXFrameworksBuildPhase;
			buildActionMask = 2147483647;
			files = (
			);
			runOnlyForDeploymentPostprocessing = 0;
		};
		3015468F2443959E00DC67A0 /* Frameworks */ = {
			isa = PBXFrameworksBuildPhase;
			buildActionMask = 2147483647;
			files = (
			);
			runOnlyForDeploymentPostprocessing = 0;
		};
		3015469A2443959E00DC67A0 /* Frameworks */ = {
			isa = PBXFrameworksBuildPhase;
			buildActionMask = 2147483647;
			files = (
			);
			runOnlyForDeploymentPostprocessing = 0;
		};
/* End PBXFrameworksBuildPhase section */

/* Begin PBXGroup section */
		301546732443959C00DC67A0 = {
			isa = PBXGroup;
			children = (
				3015467E2443959C00DC67A0 /* MultipleEx */,
				301546952443959E00DC67A0 /* MultipleExTests */,
				301546A02443959E00DC67A0 /* MultipleExUITests */,
				3015467D2443959C00DC67A0 /* Products */,
			);
			sourceTree = "<group>";
		};
		3015467D2443959C00DC67A0 /* Products */ = {
			isa = PBXGroup;
			children = (
				3015467C2443959C00DC67A0 /* MultipleEx.app */,
				301546922443959E00DC67A0 /* MultipleExTests.xctest */,
				3015469D2443959E00DC67A0 /* MultipleExUITests.xctest */,
			);
			name = Products;
			sourceTree = "<group>";
		};
		3015467E2443959C00DC67A0 /* MultipleEx */ = {
			isa = PBXGroup;
			children = (
				3015467F2443959C00DC67A0 /* AppDelegate.swift */,
				301546812443959C00DC67A0 /* SceneDelegate.swift */,
				301546B52443B9A600DC67A0 /* SwitchViewController.swift */,
				301546B72443B9C400DC67A0 /* SliderViewController.swift */,
				301546B92443B9DD00DC67A0 /* PickerViewController.swift */,
				301546832443959C00DC67A0 /* ViewController.swift */,
				301546852443959D00DC67A0 /* Main.storyboard */,
				301546B3244399DF00DC67A0 /* PickerViewController.swift */,
				301546B1244399C200DC67A0 /* SliderViewController.swift */,
				301546882443959E00DC67A0 /* Assets.xcassets */,
				3015468A2443959E00DC67A0 /* LaunchScreen.storyboard */,
				3015468D2443959E00DC67A0 /* Info.plist */,
			);
			path = MultipleEx;
			sourceTree = "<group>";
		};
		301546952443959E00DC67A0 /* MultipleExTests */ = {
			isa = PBXGroup;
			children = (
				301546962443959E00DC67A0 /* MultipleExTests.swift */,
				301546982443959E00DC67A0 /* Info.plist */,
			);
			path = MultipleExTests;
			sourceTree = "<group>";
		};
		301546A02443959E00DC67A0 /* MultipleExUITests */ = {
			isa = PBXGroup;
			children = (
				301546A12443959E00DC67A0 /* MultipleExUITests.swift */,
				301546A32443959E00DC67A0 /* Info.plist */,
			);
			path = MultipleExUITests;
			sourceTree = "<group>";
		};
/* End PBXGroup section */

/* Begin PBXNativeTarget section */
		3015467B2443959C00DC67A0 /* MultipleEx */ = {
			isa = PBXNativeTarget;
			buildConfigurationList = 301546A62443959E00DC67A0 /* Build configuration list for PBXNativeTarget "MultipleEx" */;
			buildPhases = (
				301546782443959C00DC67A0 /* Sources */,
				301546792443959C00DC67A0 /* Frameworks */,
				3015467A2443959C00DC67A0 /* Resources */,
			);
			buildRules = (
			);
			dependencies = (
			);
			name = MultipleEx;
			productName = MultipleEx;
			productReference = 3015467C2443959C00DC67A0 /* MultipleEx.app */;
			productType = "com.apple.product-type.application";
		};
		301546912443959E00DC67A0 /* MultipleExTests */ = {
			isa = PBXNativeTarget;
			buildConfigurationList = 301546A92443959E00DC67A0 /* Build configuration list for PBXNativeTarget "MultipleExTests" */;
			buildPhases = (
				3015468E2443959E00DC67A0 /* Sources */,
				3015468F2443959E00DC67A0 /* Frameworks */,
				301546902443959E00DC67A0 /* Resources */,
			);
			buildRules = (
			);
			dependencies = (
				301546942443959E00DC67A0 /* PBXTargetDependency */,
			);
			name = MultipleExTests;
			productName = MultipleExTests;
			productReference = 301546922443959E00DC67A0 /* MultipleExTests.xctest */;
			productType = "com.apple.product-type.bundle.unit-test";
		};
		3015469C2443959E00DC67A0 /* MultipleExUITests */ = {
			isa = PBXNativeTarget;
			buildConfigurationList = 301546AC2443959E00DC67A0 /* Build configuration list for PBXNativeTarget "MultipleExUITests" */;
			buildPhases = (
				301546992443959E00DC67A0 /* Sources */,
				3015469A2443959E00DC67A0 /* Frameworks */,
				3015469B2443959E00DC67A0 /* Resources */,
			);
			buildRules = (
			);
			dependencies = (
				3015469F2443959E00DC67A0 /* PBXTargetDependency */,
			);
			name = MultipleExUITests;
			productName = MultipleExUITests;
			productReference = 3015469D2443959E00DC67A0 /* MultipleExUITests.xctest */;
			productType = "com.apple.product-type.bundle.ui-testing";
		};
/* End PBXNativeTarget section */

/* Begin PBXProject section */
		301546742443959C00DC67A0 /* Project object */ = {
			isa = PBXProject;
			attributes = {
				LastSwiftUpdateCheck = 1130;
				LastUpgradeCheck = 1130;
				ORGANIZATIONNAME = Roman;
				TargetAttributes = {
					3015467B2443959C00DC67A0 = {
						CreatedOnToolsVersion = 11.3.1;
					};
					301546912443959E00DC67A0 = {
						CreatedOnToolsVersion = 11.3.1;
						TestTargetID = 3015467B2443959C00DC67A0;
					};
					3015469C2443959E00DC67A0 = {
						CreatedOnToolsVersion = 11.3.1;
						TestTargetID = 3015467B2443959C00DC67A0;
					};
				};
			};
			buildConfigurationList = 301546772443959C00DC67A0 /* Build configuration list for PBXProject "MultipleEx" */;
			compatibilityVersion = "Xcode 9.3";
			developmentRegion = en;
			hasScannedForEncodings = 0;
			knownRegions = (
				en,
				Base,
			);
			mainGroup = 301546732443959C00DC67A0;
			productRefGroup = 3015467D2443959C00DC67A0 /* Products */;
			projectDirPath = "";
			projectRoot = "";
			targets = (
				3015467B2443959C00DC67A0 /* MultipleEx */,
				301546912443959E00DC67A0 /* MultipleExTests */,
				3015469C2443959E00DC67A0 /* MultipleExUITests */,
			);
		};
/* End PBXProject section */

/* Begin PBXResourcesBuildPhase section */
		3015467A2443959C00DC67A0 /* Resources */ = {
			isa = PBXResourcesBuildPhase;
			buildActionMask = 2147483647;
			files = (
				3015468C2443959E00DC67A0 /* LaunchScreen.storyboard in Resources */,
				301546892443959E00DC67A0 /* Assets.xcassets in Resources */,
				301546872443959D00DC67A0 /* Main.storyboard in Resources */,
			);
			runOnlyForDeploymentPostprocessing = 0;
		};
		301546902443959E00DC67A0 /* Resources */ = {
			isa = PBXResourcesBuildPhase;
			buildActionMask = 2147483647;
			files = (
			);
			runOnlyForDeploymentPostprocessing = 0;
		};
		3015469B2443959E00DC67A0 /* Resources */ = {
			isa = PBXResourcesBuildPhase;
			buildActionMask = 2147483647;
			files = (
			);
			runOnlyForDeploymentPostprocessing = 0;
		};
/* End PBXResourcesBuildPhase section */

/* Begin PBXSourcesBuildPhase section */
		301546782443959C00DC67A0 /* Sources */ = {
			isa = PBXSourcesBuildPhase;
			buildActionMask = 2147483647;
			files = (
				301546B62443B9A600DC67A0 /* SwitchViewController.swift in Sources */,
				301546B82443B9C400DC67A0 /* SliderViewController.swift in Sources */,
				301546BA2443B9DD00DC67A0 /* PickerViewController.swift in Sources */,
				301546B4244399DF00DC67A0 /* PickerViewController.swift in Sources */,
				301546842443959C00DC67A0 /* ViewController.swift in Sources */,
				301546B2244399C200DC67A0 /* SliderViewController.swift in Sources */,
				301546802443959C00DC67A0 /* AppDelegate.swift in Sources */,
				301546822443959C00DC67A0 /* SceneDelegate.swift in Sources */,
			);
			runOnlyForDeploymentPostprocessing = 0;
		};
		3015468E2443959E00DC67A0 /* Sources */ = {
			isa = PBXSourcesBuildPhase;
			buildActionMask = 2147483647;
			files = (
				301546972443959E00DC67A0 /* MultipleExTests.swift in Sources */,
			);
			runOnlyForDeploymentPostprocessing = 0;
		};
		301546992443959E00DC67A0 /* Sources */ = {
			isa = PBXSourcesBuildPhase;
			buildActionMask = 2147483647;
			files = (
				301546A22443959E00DC67A0 /* MultipleExUITests.swift in Sources */,
			);
			runOnlyForDeploymentPostprocessing = 0;
		};
/* End PBXSourcesBuildPhase section */

/* Begin PBXTargetDependency section */
		301546942443959E00DC67A0 /* PBXTargetDependency */ = {
			isa = PBXTargetDependency;
			target = 3015467B2443959C00DC67A0 /* MultipleEx */;
			targetProxy = 301546932443959E00DC67A0 /* PBXContainerItemProxy */;
		};
		3015469F2443959E00DC67A0 /* PBXTargetDependency */ = {
			isa = PBXTargetDependency;
			target = 3015467B2443959C00DC67A0 /* MultipleEx */;
			targetProxy = 3015469E2443959E00DC67A0 /* PBXContainerItemProxy */;
		};
/* End PBXTargetDependency section */

/* Begin PBXVariantGroup section */
		301546852443959D00DC67A0 /* Main.storyboard */ = {
			isa = PBXVariantGroup;
			children = (
				301546862443959D00DC67A0 /* Base */,
			);
			name = Main.storyboard;
			sourceTree = "<group>";
		};
		3015468A2443959E00DC67A0 /* LaunchScreen.storyboard */ = {
			isa = PBXVariantGroup;
			children = (
				3015468B2443959E00DC67A0 /* Base */,
			);
			name = LaunchScreen.storyboard;
			sourceTree = "<group>";
		};
/* End PBXVariantGroup section */

/* Begin XCBuildConfiguration section */
		301546A42443959E00DC67A0 /* Debug */ = {
			isa = XCBuildConfiguration;
			buildSettings = {
				ALWAYS_SEARCH_USER_PATHS = NO;
				CLANG_ANALYZER_NONNULL = YES;
				CLANG_ANALYZER_NUMBER_OBJECT_CONVERSION = YES_AGGRESSIVE;
				CLANG_CXX_LANGUAGE_STANDARD = "gnu++14";
				CLANG_CXX_LIBRARY = "libc++";
				CLANG_ENABLE_MODULES = YES;
				CLANG_ENABLE_OBJC_ARC = YES;
				CLANG_ENABLE_OBJC_WEAK = YES;
				CLANG_WARN_BLOCK_CAPTURE_AUTORELEASING = YES;
				CLANG_WARN_BOOL_CONVERSION = YES;
				CLANG_WARN_COMMA = YES;
				CLANG_WARN_CONSTANT_CONVERSION = YES;
				CLANG_WARN_DEPRECATED_OBJC_IMPLEMENTATIONS = YES;
				CLANG_WARN_DIRECT_OBJC_ISA_USAGE = YES_ERROR;
				CLANG_WARN_DOCUMENTATION_COMMENTS = YES;
				CLANG_WARN_EMPTY_BODY = YES;
				CLANG_WARN_ENUM_CONVERSION = YES;
				CLANG_WARN_INFINITE_RECURSION = YES;
				CLANG_WARN_INT_CONVERSION = YES;
				CLANG_WARN_NON_LITERAL_NULL_CONVERSION = YES;
				CLANG_WARN_OBJC_IMPLICIT_RETAIN_SELF = YES;
				CLANG_WARN_OBJC_LITERAL_CONVERSION = YES;
				CLANG_WARN_OBJC_ROOT_CLASS = YES_ERROR;
				CLANG_WARN_RANGE_LOOP_ANALYSIS = YES;
				CLANG_WARN_STRICT_PROTOTYPES = YES;
				CLANG_WARN_SUSPICIOUS_MOVE = YES;
				CLANG_WARN_UNGUARDED_AVAILABILITY = YES_AGGRESSIVE;
				CLANG_WARN_UNREACHABLE_CODE = YES;
				CLANG_WARN__DUPLICATE_METHOD_MATCH = YES;
				COPY_PHASE_STRIP = NO;
				DEBUG_INFORMATION_FORMAT = dwarf;
				ENABLE_STRICT_OBJC_MSGSEND = YES;
				ENABLE_TESTABILITY = YES;
				GCC_C_LANGUAGE_STANDARD = gnu11;
				GCC_DYNAMIC_NO_PIC = NO;
				GCC_NO_COMMON_BLOCKS = YES;
				GCC_OPTIMIZATION_LEVEL = 0;
				GCC_PREPROCESSOR_DEFINITIONS = (
					"DEBUG=1",
					"$(inherited)",
				);
				GCC_WARN_64_TO_32_BIT_CONVERSION = YES;
				GCC_WARN_ABOUT_RETURN_TYPE = YES_ERROR;
				GCC_WARN_UNDECLARED_SELECTOR = YES;
				GCC_WARN_UNINITIALIZED_AUTOS = YES_AGGRESSIVE;
				GCC_WARN_UNUSED_FUNCTION = YES;
				GCC_WARN_UNUSED_VARIABLE = YES;
				IPHONEOS_DEPLOYMENT_TARGET = 13.2;
				MTL_ENABLE_DEBUG_INFO = INCLUDE_SOURCE;
				MTL_FAST_MATH = YES;
				ONLY_ACTIVE_ARCH = YES;
				SDKROOT = iphoneos;
				SWIFT_ACTIVE_COMPILATION_CONDITIONS = DEBUG;
				SWIFT_OPTIMIZATION_LEVEL = "-Onone";
			};
			name = Debug;
		};
		301546A52443959E00DC67A0 /* Release */ = {
			isa = XCBuildConfiguration;
			buildSettings = {
				ALWAYS_SEARCH_USER_PATHS = NO;
				CLANG_ANALYZER_NONNULL = YES;
				CLANG_ANALYZER_NUMBER_OBJECT_CONVERSION = YES_AGGRESSIVE;
				CLANG_CXX_LANGUAGE_STANDARD = "gnu++14";
				CLANG_CXX_LIBRARY = "libc++";
				CLANG_ENABLE_MODULES = YES;
				CLANG_ENABLE_OBJC_ARC = YES;
				CLANG_ENABLE_OBJC_WEAK = YES;
				CLANG_WARN_BLOCK_CAPTURE_AUTORELEASING = YES;
				CLANG_WARN_BOOL_CONVERSION = YES;
				CLANG_WARN_COMMA = YES;
				CLANG_WARN_CONSTANT_CONVERSION = YES;
				CLANG_WARN_DEPRECATED_OBJC_IMPLEMENTATIONS = YES;
				CLANG_WARN_DIRECT_OBJC_ISA_USAGE = YES_ERROR;
				CLANG_WARN_DOCUMENTATION_COMMENTS = YES;
				CLANG_WARN_EMPTY_BODY = YES;
				CLANG_WARN_ENUM_CONVERSION = YES;
				CLANG_WARN_INFINITE_RECURSION = YES;
				CLANG_WARN_INT_CONVERSION = YES;
				CLANG_WARN_NON_LITERAL_NULL_CONVERSION = YES;
				CLANG_WARN_OBJC_IMPLICIT_RETAIN_SELF = YES;
				CLANG_WARN_OBJC_LITERAL_CONVERSION = YES;
				CLANG_WARN_OBJC_ROOT_CLASS = YES_ERROR;
				CLANG_WARN_RANGE_LOOP_ANALYSIS = YES;
				CLANG_WARN_STRICT_PROTOTYPES = YES;
				CLANG_WARN_SUSPICIOUS_MOVE = YES;
				CLANG_WARN_UNGUARDED_AVAILABILITY = YES_AGGRESSIVE;
				CLANG_WARN_UNREACHABLE_CODE = YES;
				CLANG_WARN__DUPLICATE_METHOD_MATCH = YES;
				COPY_PHASE_STRIP = NO;
				DEBUG_INFORMATION_FORMAT = "dwarf-with-dsym";
				ENABLE_NS_ASSERTIONS = NO;
				ENABLE_STRICT_OBJC_MSGSEND = YES;
				GCC_C_LANGUAGE_STANDARD = gnu11;
				GCC_NO_COMMON_BLOCKS = YES;
				GCC_WARN_64_TO_32_BIT_CONVERSION = YES;
				GCC_WARN_ABOUT_RETURN_TYPE = YES_ERROR;
				GCC_WARN_UNDECLARED_SELECTOR = YES;
				GCC_WARN_UNINITIALIZED_AUTOS = YES_AGGRESSIVE;
				GCC_WARN_UNUSED_FUNCTION = YES;
				GCC_WARN_UNUSED_VARIABLE = YES;
				IPHONEOS_DEPLOYMENT_TARGET = 13.2;
				MTL_ENABLE_DEBUG_INFO = NO;
				MTL_FAST_MATH = YES;
				SDKROOT = iphoneos;
				SWIFT_COMPILATION_MODE = wholemodule;
				SWIFT_OPTIMIZATION_LEVEL = "-O";
				VALIDATE_PRODUCT = YES;
			};
			name = Release;
		};
		301546A72443959E00DC67A0 /* Debug */ = {
			isa = XCBuildConfiguration;
			buildSettings = {
				ASSETCATALOG_COMPILER_APPICON_NAME = AppIcon;
				CODE_SIGN_STYLE = Automatic;
				INFOPLIST_FILE = MultipleEx/Info.plist;
				LD_RUNPATH_SEARCH_PATHS = (
					"$(inherited)",
					"@executable_path/Frameworks",
				);
				PRODUCT_BUNDLE_IDENTIFIER = com.romanjy.MultipleEx;
				PRODUCT_NAME = "$(TARGET_NAME)";
				SWIFT_VERSION = 5.0;
				TARGETED_DEVICE_FAMILY = "1,2";
			};
			name = Debug;
		};
		301546A82443959E00DC67A0 /* Release */ = {
			isa = XCBuildConfiguration;
			buildSettings = {
				ASSETCATALOG_COMPILER_APPICON_NAME = AppIcon;
				CODE_SIGN_STYLE = Automatic;
				INFOPLIST_FILE = MultipleEx/Info.plist;
				LD_RUNPATH_SEARCH_PATHS = (
					"$(inherited)",
					"@executable_path/Frameworks",
				);
				PRODUCT_BUNDLE_IDENTIFIER = com.romanjy.MultipleEx;
				PRODUCT_NAME = "$(TARGET_NAME)";
				SWIFT_VERSION = 5.0;
				TARGETED_DEVICE_FAMILY = "1,2";
			};
			name = Release;
		};
		301546AA2443959E00DC67A0 /* Debug */ = {
			isa = XCBuildConfiguration;
			buildSettings = {
				ALWAYS_EMBED_SWIFT_STANDARD_LIBRARIES = YES;
				BUNDLE_LOADER = "$(TEST_HOST)";
				CODE_SIGN_STYLE = Automatic;
				INFOPLIST_FILE = MultipleExTests/Info.plist;
				IPHONEOS_DEPLOYMENT_TARGET = 13.2;
				LD_RUNPATH_SEARCH_PATHS = (
					"$(inherited)",
					"@executable_path/Frameworks",
					"@loader_path/Frameworks",
				);
				PRODUCT_BUNDLE_IDENTIFIER = com.romanjy.MultipleExTests;
				PRODUCT_NAME = "$(TARGET_NAME)";
				SWIFT_VERSION = 5.0;
				TARGETED_DEVICE_FAMILY = "1,2";
				TEST_HOST = "$(BUILT_PRODUCTS_DIR)/MultipleEx.app/MultipleEx";
			};
			name = Debug;
		};
		301546AB2443959E00DC67A0 /* Release */ = {
			isa = XCBuildConfiguration;
			buildSettings = {
				ALWAYS_EMBED_SWIFT_STANDARD_LIBRARIES = YES;
				BUNDLE_LOADER = "$(TEST_HOST)";
				CODE_SIGN_STYLE = Automatic;
				INFOPLIST_FILE = MultipleExTests/Info.plist;
				IPHONEOS_DEPLOYMENT_TARGET = 13.2;
				LD_RUNPATH_SEARCH_PATHS = (
					"$(inherited)",
					"@executable_path/Frameworks",
					"@loader_path/Frameworks",
				);
				PRODUCT_BUNDLE_IDENTIFIER = com.romanjy.MultipleExTests;
				PRODUCT_NAME = "$(TARGET_NAME)";
				SWIFT_VERSION = 5.0;
				TARGETED_DEVICE_FAMILY = "1,2";
				TEST_HOST = "$(BUILT_PRODUCTS_DIR)/MultipleEx.app/MultipleEx";
			};
			name = Release;
		};
		301546AD2443959E00DC67A0 /* Debug */ = {
			isa = XCBuildConfiguration;
			buildSettings = {
				ALWAYS_EMBED_SWIFT_STANDARD_LIBRARIES = YES;
				CODE_SIGN_STYLE = Automatic;
				INFOPLIST_FILE = MultipleExUITests/Info.plist;
				LD_RUNPATH_SEARCH_PATHS = (
					"$(inherited)",
					"@executable_path/Frameworks",
					"@loader_path/Frameworks",
				);
				PRODUCT_BUNDLE_IDENTIFIER = com.romanjy.MultipleExUITests;
				PRODUCT_NAME = "$(TARGET_NAME)";
				SWIFT_VERSION = 5.0;
				TARGETED_DEVICE_FAMILY = "1,2";
				TEST_TARGET_NAME = MultipleEx;
			};
			name = Debug;
		};
		301546AE2443959E00DC67A0 /* Release */ = {
			isa = XCBuildConfiguration;
			buildSettings = {
				ALWAYS_EMBED_SWIFT_STANDARD_LIBRARIES = YES;
				CODE_SIGN_STYLE = Automatic;
				INFOPLIST_FILE = MultipleExUITests/Info.plist;
				LD_RUNPATH_SEARCH_PATHS = (
					"$(inherited)",
					"@executable_path/Frameworks",
					"@loader_path/Frameworks",
				);
				PRODUCT_BUNDLE_IDENTIFIER = com.romanjy.MultipleExUITests;
				PRODUCT_NAME = "$(TARGET_NAME)";
				SWIFT_VERSION = 5.0;
				TARGETED_DEVICE_FAMILY = "1,2";
				TEST_TARGET_NAME = MultipleEx;
			};
			name = Release;
		};
/* End XCBuildConfiguration section */

/* Begin XCConfigurationList section */
		301546772443959C00DC67A0 /* Build configuration list for PBXProject "MultipleEx" */ = {
			isa = XCConfigurationList;
			buildConfigurations = (
				301546A42443959E00DC67A0 /* Debug */,
				301546A52443959E00DC67A0 /* Release */,
			);
			defaultConfigurationIsVisible = 0;
			defaultConfigurationName = Release;
		};
		301546A62443959E00DC67A0 /* Build configuration list for PBXNativeTarget "MultipleEx" */ = {
			isa = XCConfigurationList;
			buildConfigurations = (
				301546A72443959E00DC67A0 /* Debug */,
				301546A82443959E00DC67A0 /* Release */,
			);
			defaultConfigurationIsVisible = 0;
			defaultConfigurationName = Release;
		};
		301546A92443959E00DC67A0 /* Build configuration list for PBXNativeTarget "MultipleExTests" */ = {
			isa = XCConfigurationList;
			buildConfigurations = (
				301546AA2443959E00DC67A0 /* Debug */,
				301546AB2443959E00DC67A0 /* Release */,
			);
			defaultConfigurationIsVisible = 0;
			defaultConfigurationName = Release;
		};
		301546AC2443959E00DC67A0 /* Build configuration list for PBXNativeTarget "MultipleExUITests" */ = {
			isa = XCConfigurationList;
			buildConfigurations = (
				301546AD2443959E00DC67A0 /* Debug */,
				301546AE2443959E00DC67A0 /* Release */,
			);
			defaultConfigurationIsVisible = 0;
			defaultConfigurationName = Release;
		};
/* End XCConfigurationList section */
	};
	rootObject = 301546742443959C00DC67A0 /* Project object */;
}
